
Microsoft Visual Studio Solution File, Format Version 12.00
# Visual Studio 15
VisualStudioVersion = 15.0.28307.757
MinimumVisualStudioVersion = 10.0.40219.1
Project("{FAE04EC0-301F-11D3-BF4B-00C04F79EFBC}") = "DLMT.Web", "DLMT.Web\DLMT.Web.csproj", "{2AE1131D-4F2B-4721-8D4E-C50DA8B39B5A}"
EndProject
Project("{2150E333-8FDC-42A3-9474-1A3956D46DE8}") = "Biz", "Biz", "{8DFD77E3-B7B6-47E1-B8D9-138B56B108EC}"
EndProject
Project("{2150E333-8FDC-42A3-9474-1A3956D46DE8}") = "Dac", "Dac", "{BFEDB73E-168A-4F9B-9A50-31146529F373}"
EndProject
Project("{2150E333-8FDC-42A3-9474-1A3956D46DE8}") = "Common", "Common", "{B225B4D0-F222-4D8B-894E-9CDD9D96F615}"
EndProject
Project("{FAE04EC0-301F-11D3-BF4B-00C04F79EFBC}") = "DLMT.Biz", "DLMT.Biz\DLMT.Biz.csproj", "{56028EAE-8EE6-4F12-B17D-C5A96E793182}"
EndProject
Project("{FAE04EC0-301F-11D3-BF4B-00C04F79EFBC}") = "DLMT.Common", "DLMT.Common\DLMT.Common.csproj", "{84DCC5FB-DC49-49DA-9D51-1D4C2A8F55FB}"
EndProject
Project("{FAE04EC0-301F-11D3-BF4B-00C04F79EFBC}") = "DLMT.Dac", "DLMT.Dac\DLMT.Dac.csproj", "{FED70B3D-01D0-483A-A5C8-E9B4B9384E90}"
EndProject
Global
	GlobalSection(SolutionConfigurationPlatforms) = preSolution
		Debug|Any CPU = Debug|Any CPU
		Release|Any CPU = Release|Any CPU
	EndGlobalSection
	GlobalSection(ProjectConfigurationPlatforms) = postSolution
		{2AE1131D-4F2B-4721-8D4E-C50DA8B39B5A}.Debug|Any CPU.ActiveCfg = Debug|Any CPU
		{2AE1131D-4F2B-4721-8D4E-C50DA8B39B5A}.Debug|Any CPU.Build.0 = Debug|Any CPU
		{2AE1131D-4F2B-4721-8D4E-C50DA8B39B5A}.Release|Any CPU.ActiveCfg = Release|Any CPU
		{2AE1131D-4F2B-4721-8D4E-C50DA8B39B5A}.Release|Any CPU.Build.0 = Release|Any CPU
		{56028EAE-8EE6-4F12-B17D-C5A96E793182}.Debug|Any CPU.ActiveCfg = Debug|Any CPU
		{56028EAE-8EE6-4F12-B17D-C5A96E793182}.Debug|Any CPU.Build.0 = Debug|Any CPU
		{56028EAE-8EE6-4F12-B17D-C5A96E793182}.Release|Any CPU.ActiveCfg = Release|Any CPU
		{56028EAE-8EE6-4F12-B17D-C5A96E793182}.Release|Any CPU.Build.0 = Release|Any CPU
		{84DCC5FB-DC49-49DA-9D51-1D4C2A8F55FB}.Debug|Any CPU.ActiveCfg = Debug|Any CPU
		{84DCC5FB-DC49-49DA-9D51-1D4C2A8F55FB}.Debug|Any CPU.Build.0 = Debug|Any CPU
		{84DCC5FB-DC49-49DA-9D51-1D4C2A8F55FB}.Release|Any CPU.ActiveCfg = Release|Any CPU
		{84DCC5FB-DC49-49DA-9D51-1D4C2A8F55FB}.Release|Any CPU.Build.0 = Release|Any CPU
		{FED70B3D-01D0-483A-A5C8-E9B4B9384E90}.Debug|Any CPU.ActiveCfg = Debug|Any CPU
		{FED70B3D-01D0-483A-A5C8-E9B4B9384E90}.Debug|Any CPU.Build.0 = Debug|Any CPU
		{FED70B3D-01D0-483A-A5C8-E9B4B9384E90}.Release|Any CPU.ActiveCfg = Release|Any CPU
		{FED70B3D-01D0-483A-A5C8-E9B4B9384E90}.Release|Any CPU.Build.0 = Release|Any CPU
	EndGlobalSection
	GlobalSection(SolutionProperties) = preSolution
		HideSolutionNode = FALSE
	EndGlobalSection
	GlobalSection(NestedProjects) = preSolution
		{56028EAE-8EE6-4F12-B17D-C5A96E793182} = {8DFD77E3-B7B6-47E1-B8D9-138B56B108EC}
		{84DCC5FB-DC49-49DA-9D51-1D4C2A8F55FB} = {B225B4D0-F222-4D8B-894E-9CDD9D96F615}
		{FED70B3D-01D0-483A-A5C8-E9B4B9384E90} = {BFEDB73E-168A-4F9B-9A50-31146529F373}
	EndGlobalSection
	GlobalSection(ExtensibilityGlobals) = postSolution
		SolutionGuid = {B7C2DE72-96A3-4025-AACD-4A4150A163C1}
	EndGlobalSection
EndGlobal
